// !$*UTF8*$!
{
	archiveVersion = 1;
	classes = {
	};
	objectVersion = 50;
	objects = {

/* Begin PBXBuildFile section */
		4C39EB5E20888C45003BF7BB /* AppDelegate.swift in Sources */ = {isa = PBXBuildFile; fileRef = 4C39EB5D20888C45003BF7BB /* AppDelegate.swift */; };
		4C39EB6020888C45003BF7BB /* ViewController.swift in Sources */ = {isa = PBXBuildFile; fileRef = 4C39EB5F20888C45003BF7BB /* ViewController.swift */; };
		4C39EB6320888C45003BF7BB /* Main.storyboard in Resources */ = {isa = PBXBuildFile; fileRef = 4C39EB6120888C45003BF7BB /* Main.storyboard */; };
		4C39EB6520888C47003BF7BB /* Assets.xcassets in Resources */ = {isa = PBXBuildFile; fileRef = 4C39EB6420888C47003BF7BB /* Assets.xcassets */; };
		4C39EB6820888C47003BF7BB /* LaunchScreen.storyboard in Resources */ = {isa = PBXBuildFile; fileRef = 4C39EB6620888C47003BF7BB /* LaunchScreen.storyboard */; };
		4C39EB7320888C48003BF7BB /* MemeMeTests.swift in Sources */ = {isa = PBXBuildFile; fileRef = 4C39EB7220888C48003BF7BB /* MemeMeTests.swift */; };
		4C7EC130208C77AE009C0F7E /* Impacted.ttf in Resources */ = {isa = PBXBuildFile; fileRef = 4C7EC12E208C77AE009C0F7E /* Impacted.ttf */; };
		4C7EC131208C77AE009C0F7E /* impact.ttf in Resources */ = {isa = PBXBuildFile; fileRef = 4C7EC12F208C77AE009C0F7E /* impact.ttf */; };
		4C7EC135208C77C1009C0F7E /* Comic Sans Ms.ttf in Resources */ = {isa = PBXBuildFile; fileRef = 4C7EC132208C77C0009C0F7E /* Comic Sans Ms.ttf */; };
		4C7EC136208C77C1009C0F7E /* Blockt.ttf in Resources */ = {isa = PBXBuildFile; fileRef = 4C7EC133208C77C0009C0F7E /* Blockt.ttf */; };
		4C7EC139208C77D6009C0F7E /* Super Comic.otf in Resources */ = {isa = PBXBuildFile; fileRef = 4C7EC138208C77D6009C0F7E /* Super Comic.otf */; };
/* End PBXBuildFile section */

/* Begin PBXContainerItemProxy section */
		4C39EB6F20888C48003BF7BB /* PBXContainerItemProxy */ = {
			isa = PBXContainerItemProxy;
			containerPortal = 4C39EB5220888C45003BF7BB /* Project object */;
			proxyType = 1;
			remoteGlobalIDString = 4C39EB5920888C45003BF7BB;
			remoteInfo = MemeMe;
		};
/* End PBXContainerItemProxy section */

/* Begin PBXFileReference section */
		4C39EB5A20888C45003BF7BB /* MemeMe.app */ = {isa = PBXFileReference; explicitFileType = wrapper.application; includeInIndex = 0; path = MemeMe.app; sourceTree = BUILT_PRODUCTS_DIR; };
		4C39EB5D20888C45003BF7BB /* AppDelegate.swift */ = {isa = PBXFileReference; lastKnownFileType = sourcecode.swift; path = AppDelegate.swift; sourceTree = "<group>"; };
		4C39EB5F20888C45003BF7BB /* ViewController.swift */ = {isa = PBXFileReference; lastKnownFileType = sourcecode.swift; path = ViewController.swift; sourceTree = "<group>"; };
		4C39EB6220888C45003BF7BB /* Base */ = {isa = PBXFileReference; lastKnownFileType = file.storyboard; name = Base; path = Base.lproj/Main.storyboard; sourceTree = "<group>"; };
		4C39EB6420888C47003BF7BB /* Assets.xcassets */ = {isa = PBXFileReference; lastKnownFileType = folder.assetcatalog; path = Assets.xcassets; sourceTree = "<group>"; };
		4C39EB6720888C47003BF7BB /* Base */ = {isa = PBXFileReference; lastKnownFileType = file.storyboard; name = Base; path = Base.lproj/LaunchScreen.storyboard; sourceTree = "<group>"; };
		4C39EB6920888C47003BF7BB /* Info.plist */ = {isa = PBXFileReference; lastKnownFileType = text.plist.xml; path = Info.plist; sourceTree = "<group>"; };
		4C39EB6E20888C48003BF7BB /* MemeMeTests.xctest */ = {isa = PBXFileReference; explicitFileType = wrapper.cfbundle; includeInIndex = 0; path = MemeMeTests.xctest; sourceTree = BUILT_PRODUCTS_DIR; };
		4C39EB7220888C48003BF7BB /* MemeMeTests.swift */ = {isa = PBXFileReference; lastKnownFileType = sourcecode.swift; path = MemeMeTests.swift; sourceTree = "<group>"; };
		4C39EB7420888C48003BF7BB /* Info.plist */ = {isa = PBXFileReference; lastKnownFileType = text.plist.xml; path = Info.plist; sourceTree = "<group>"; };
		4C7EC12E208C77AE009C0F7E /* Impacted.ttf */ = {isa = PBXFileReference; lastKnownFileType = file; path = Impacted.ttf; sourceTree = "<group>"; };
		4C7EC12F208C77AE009C0F7E /* impact.ttf */ = {isa = PBXFileReference; lastKnownFileType = file; path = impact.ttf; sourceTree = "<group>"; };
		4C7EC132208C77C0009C0F7E /* Comic Sans Ms.ttf */ = {isa = PBXFileReference; lastKnownFileType = file; path = "Comic Sans Ms.ttf"; sourceTree = "<group>"; };
		4C7EC133208C77C0009C0F7E /* Blockt.ttf */ = {isa = PBXFileReference; lastKnownFileType = file; path = Blockt.ttf; sourceTree = "<group>"; };
		4C7EC138208C77D6009C0F7E /* Super Comic.otf */ = {isa = PBXFileReference; lastKnownFileType = file; path = "Super Comic.otf"; sourceTree = "<group>"; };
/* End PBXFileReference section */

/* Begin PBXFrameworksBuildPhase section */
		4C39EB5720888C45003BF7BB /* Frameworks */ = {
			isa = PBXFrameworksBuildPhase;
			buildActionMask = 2147483647;
			files = (
			);
			runOnlyForDeploymentPostprocessing = 0;
		};
		4C39EB6B20888C48003BF7BB /* Frameworks */ = {
			isa = PBXFrameworksBuildPhase;
			buildActionMask = 2147483647;
			files = (
			);
			runOnlyForDeploymentPostprocessing = 0;
		};
/* End PBXFrameworksBuildPhase section */

/* Begin PBXGroup section */
		4C39EB5120888C45003BF7BB = {
			isa = PBXGroup;
			children = (
				4C39EB5C20888C45003BF7BB /* MemeMe */,
				4C39EB7120888C48003BF7BB /* MemeMeTests */,
				4C39EB5B20888C45003BF7BB /* Products */,
			);
			sourceTree = "<group>";
		};
		4C39EB5B20888C45003BF7BB /* Products */ = {
			isa = PBXGroup;
			children = (
				4C39EB5A20888C45003BF7BB /* MemeMe.app */,
				4C39EB6E20888C48003BF7BB /* MemeMeTests.xctest */,
			);
			name = Products;
			sourceTree = "<group>";
		};
		4C39EB5C20888C45003BF7BB /* MemeMe */ = {
			isa = PBXGroup;
			children = (
				4C39EB5D20888C45003BF7BB /* AppDelegate.swift */,
				4C39EB5F20888C45003BF7BB /* ViewController.swift */,
				4C39EB6120888C45003BF7BB /* Main.storyboard */,
				4C39EB6420888C47003BF7BB /* Assets.xcassets */,
				4C39EB6620888C47003BF7BB /* LaunchScreen.storyboard */,
				4C39EB6920888C47003BF7BB /* Info.plist */,
				4C7EC138208C77D6009C0F7E /* Super Comic.otf */,
				4C7EC133208C77C0009C0F7E /* Blockt.ttf */,
				4C7EC132208C77C0009C0F7E /* Comic Sans Ms.ttf */,
				4C7EC12F208C77AE009C0F7E /* impact.ttf */,
				4C7EC12E208C77AE009C0F7E /* Impacted.ttf */,
			);
			path = MemeMe;
			sourceTree = "<group>";
		};
		4C39EB7120888C48003BF7BB /* MemeMeTests */ = {
			isa = PBXGroup;
			children = (
				4C39EB7220888C48003BF7BB /* MemeMeTests.swift */,
				4C39EB7420888C48003BF7BB /* Info.plist */,
			);
			path = MemeMeTests;
			sourceTree = "<group>";
		};
/* End PBXGroup section */

/* Begin PBXNativeTarget section */
		4C39EB5920888C45003BF7BB /* MemeMe */ = {
			isa = PBXNativeTarget;
			buildConfigurationList = 4C39EB7720888C48003BF7BB /* Build configuration list for PBXNativeTarget "MemeMe" */;
			buildPhases = (
				4C39EB5620888C45003BF7BB /* Sources */,
				4C39EB5720888C45003BF7BB /* Frameworks */,
				4C39EB5820888C45003BF7BB /* Resources */,
			);
			buildRules = (
			);
			dependencies = (
			);
			name = MemeMe;
			productName = MemeMe;
			productReference = 4C39EB5A20888C45003BF7BB /* MemeMe.app */;
			productType = "com.apple.product-type.application";
		};
		4C39EB6D20888C48003BF7BB /* MemeMeTests */ = {
			isa = PBXNativeTarget;
			buildConfigurationList = 4C39EB7A20888C48003BF7BB /* Build configuration list for PBXNativeTarget "MemeMeTests" */;
			buildPhases = (
				4C39EB6A20888C48003BF7BB /* Sources */,
				4C39EB6B20888C48003BF7BB /* Frameworks */,
				4C39EB6C20888C48003BF7BB /* Resources */,
			);
			buildRules = (
			);
			dependencies = (
				4C39EB7020888C48003BF7BB /* PBXTargetDependency */,
			);
			name = MemeMeTests;
			productName = MemeMeTests;
			productReference = 4C39EB6E20888C48003BF7BB /* MemeMeTests.xctest */;
			productType = "com.apple.product-type.bundle.unit-test";
		};
/* End PBXNativeTarget section */

/* Begin PBXProject section */
		4C39EB5220888C45003BF7BB /* Project object */ = {
			isa = PBXProject;
			attributes = {
				LastSwiftUpdateCheck = 0930;
				LastUpgradeCheck = 0930;
				ORGANIZATIONNAME = "Michael Herman";
				TargetAttributes = {
					4C39EB5920888C45003BF7BB = {
						CreatedOnToolsVersion = 9.3;
					};
					4C39EB6D20888C48003BF7BB = {
						CreatedOnToolsVersion = 9.3;
						TestTargetID = 4C39EB5920888C45003BF7BB;
					};
				};
			};
			buildConfigurationList = 4C39EB5520888C45003BF7BB /* Build configuration list for PBXProject "MemeMe" */;
			compatibilityVersion = "Xcode 9.3";
			developmentRegion = en;
			hasScannedForEncodings = 0;
			knownRegions = (
				en,
				Base,
			);
			mainGroup = 4C39EB5120888C45003BF7BB;
			productRefGroup = 4C39EB5B20888C45003BF7BB /* Products */;
			projectDirPath = "";
			projectRoot = "";
			targets = (
				4C39EB5920888C45003BF7BB /* MemeMe */,
				4C39EB6D20888C48003BF7BB /* MemeMeTests */,
			);
		};
/* End PBXProject section */

/* Begin PBXResourcesBuildPhase section */
		4C39EB5820888C45003BF7BB /* Resources */ = {
			isa = PBXResourcesBuildPhase;
			buildActionMask = 2147483647;
			files = (
				4C7EC139208C77D6009C0F7E /* Super Comic.otf in Resources */,
				4C7EC131208C77AE009C0F7E /* impact.ttf in Resources */,
				4C39EB6820888C47003BF7BB /* LaunchScreen.storyboard in Resources */,
				4C7EC136208C77C1009C0F7E /* Blockt.ttf in Resources */,
				4C39EB6520888C47003BF7BB /* Assets.xcassets in Resources */,
				4C7EC135208C77C1009C0F7E /* Comic Sans Ms.ttf in Resources */,
				4C39EB6320888C45003BF7BB /* Main.storyboard in Resources */,
				4C7EC130208C77AE009C0F7E /* Impacted.ttf in Resources */,
			);
			runOnlyForDeploymentPostprocessing = 0;
		};
		4C39EB6C20888C48003BF7BB /* Resources */ = {
			isa = PBXResourcesBuildPhase;
			buildActionMask = 2147483647;
			files = (
			);
			runOnlyForDeploymentPostprocessing = 0;
		};
/* End PBXResourcesBuildPhase section */

/* Begin PBXSourcesBuildPhase section */
		4C39EB5620888C45003BF7BB /* Sources */ = {
			isa = PBXSourcesBuildPhase;
			buildActionMask = 2147483647;
			files = (
				4C39EB6020888C45003BF7BB /* ViewController.swift in Sources */,
				4C39EB5E20888C45003BF7BB /* AppDelegate.swift in Sources */,
			);
			runOnlyForDeploymentPostprocessing = 0;
		};
		4C39EB6A20888C48003BF7BB /* Sources */ = {
			isa = PBXSourcesBuildPhase;
			buildActionMask = 2147483647;
			files = (
				4C39EB7320888C48003BF7BB /* MemeMeTests.swift in Sources */,
			);
			runOnlyForDeploymentPostprocessing = 0;
		};
/* End PBXSourcesBuildPhase section */

/* Begin PBXTargetDependency section */
		4C39EB7020888C48003BF7BB /* PBXTargetDependency */ = {
			isa = PBXTargetDependency;
			target = 4C39EB5920888C45003BF7BB /* MemeMe */;
			targetProxy = 4C39EB6F20888C48003BF7BB /* PBXContainerItemProxy */;
		};
/* End PBXTargetDependency section */

/* Begin PBXVariantGroup section */
		4C39EB6120888C45003BF7BB /* Main.storyboard */ = {
			isa = PBXVariantGroup;
			children = (
				4C39EB6220888C45003BF7BB /* Base */,
			);
			name = Main.storyboard;
			sourceTree = "<group>";
		};
		4C39EB6620888C47003BF7BB /* LaunchScreen.storyboard */ = {
			isa = PBXVariantGroup;
			children = (
				4C39EB6720888C47003BF7BB /* Base */,
			);
			name = LaunchScreen.storyboard;
			sourceTree = "<group>";
		};
/* End PBXVariantGroup section */

/* Begin XCBuildConfiguration section */
		4C39EB7520888C48003BF7BB /* Debug */ = {
			isa = XCBuildConfiguration;
			buildSettings = {
				ALWAYS_SEARCH_USER_PATHS = NO;
				CLANG_ANALYZER_NONNULL = YES;
				CLANG_ANALYZER_NUMBER_OBJECT_CONVERSION = YES_AGGRESSIVE;
				CLANG_CXX_LANGUAGE_STANDARD = "gnu++14";
				CLANG_CXX_LIBRARY = "libc++";
				CLANG_ENABLE_MODULES = YES;
				CLANG_ENABLE_OBJC_ARC = YES;
				CLANG_ENABLE_OBJC_WEAK = YES;
				CLANG_WARN_BLOCK_CAPTURE_AUTORELEASING = YES;
				CLANG_WARN_BOOL_CONVERSION = YES;
				CLANG_WARN_COMMA = YES;
				CLANG_WARN_CONSTANT_CONVERSION = YES;
				CLANG_WARN_DEPRECATED_OBJC_IMPLEMENTATIONS = YES;
				CLANG_WARN_DIRECT_OBJC_ISA_USAGE = YES_ERROR;
				CLANG_WARN_DOCUMENTATION_COMMENTS = YES;
				CLANG_WARN_EMPTY_BODY = YES;
				CLANG_WARN_ENUM_CONVERSION = YES;
				CLANG_WARN_INFINITE_RECURSION = YES;
				CLANG_WARN_INT_CONVERSION = YES;
				CLANG_WARN_NON_LITERAL_NULL_CONVERSION = YES;
				CLANG_WARN_OBJC_IMPLICIT_RETAIN_SELF = YES;
				CLANG_WARN_OBJC_LITERAL_CONVERSION = YES;
				CLANG_WARN_OBJC_ROOT_CLASS = YES_ERROR;
				CLANG_WARN_RANGE_LOOP_ANALYSIS = YES;
				CLANG_WARN_STRICT_PROTOTYPES = YES;
				CLANG_WARN_SUSPICIOUS_MOVE = YES;
				CLANG_WARN_UNGUARDED_AVAILABILITY = YES_AGGRESSIVE;
				CLANG_WARN_UNREACHABLE_CODE = YES;
				CLANG_WARN__DUPLICATE_METHOD_MATCH = YES;
				CODE_SIGN_IDENTITY = "iPhone Developer";
				COPY_PHASE_STRIP = NO;
				DEBUG_INFORMATION_FORMAT = dwarf;
				ENABLE_STRICT_OBJC_MSGSEND = YES;
				ENABLE_TESTABILITY = YES;
				GCC_C_LANGUAGE_STANDARD = gnu11;
				GCC_DYNAMIC_NO_PIC = NO;
				GCC_NO_COMMON_BLOCKS = YES;
				GCC_OPTIMIZATION_LEVEL = 0;
				GCC_PREPROCESSOR_DEFINITIONS = (
					"DEBUG=1",
					"$(inherited)",
				);
				GCC_WARN_64_TO_32_BIT_CONVERSION = YES;
				GCC_WARN_ABOUT_RETURN_TYPE = YES_ERROR;
				GCC_WARN_UNDECLARED_SELECTOR = YES;
				GCC_WARN_UNINITIALIZED_AUTOS = YES_AGGRESSIVE;
				GCC_WARN_UNUSED_FUNCTION = YES;
				GCC_WARN_UNUSED_VARIABLE = YES;
				IPHONEOS_DEPLOYMENT_TARGET = 11.3;
				MTL_ENABLE_DEBUG_INFO = YES;
				ONLY_ACTIVE_ARCH = YES;
				SDKROOT = iphoneos;
				SWIFT_ACTIVE_COMPILATION_CONDITIONS = DEBUG;
				SWIFT_OPTIMIZATION_LEVEL = "-Onone";
			};
			name = Debug;
		};
		4C39EB7620888C48003BF7BB /* Release */ = {
			isa = XCBuildConfiguration;
			buildSettings = {
				ALWAYS_SEARCH_USER_PATHS = NO;
				CLANG_ANALYZER_NONNULL = YES;
				CLANG_ANALYZER_NUMBER_OBJECT_CONVERSION = YES_AGGRESSIVE;
				CLANG_CXX_LANGUAGE_STANDARD = "gnu++14";
				CLANG_CXX_LIBRARY = "libc++";
				CLANG_ENABLE_MODULES = YES;
				CLANG_ENABLE_OBJC_ARC = YES;
				CLANG_ENABLE_OBJC_WEAK = YES;
				CLANG_WARN_BLOCK_CAPTURE_AUTORELEASING = YES;
				CLANG_WARN_BOOL_CONVERSION = YES;
				CLANG_WARN_COMMA = YES;
				CLANG_WARN_CONSTANT_CONVERSION = YES;
				CLANG_WARN_DEPRECATED_OBJC_IMPLEMENTATIONS = YES;
				CLANG_WARN_DIRECT_OBJC_ISA_USAGE = YES_ERROR;
				CLANG_WARN_DOCUMENTATION_COMMENTS = YES;
				CLANG_WARN_EMPTY_BODY = YES;
				CLANG_WARN_ENUM_CONVERSION = YES;
				CLANG_WARN_INFINITE_RECURSION = YES;
				CLANG_WARN_INT_CONVERSION = YES;
				CLANG_WARN_NON_LITERAL_NULL_CONVERSION = YES;
				CLANG_WARN_OBJC_IMPLICIT_RETAIN_SELF = YES;
				CLANG_WARN_OBJC_LITERAL_CONVERSION = YES;
				CLANG_WARN_OBJC_ROOT_CLASS = YES_ERROR;
				CLANG_WARN_RANGE_LOOP_ANALYSIS = YES;
				CLANG_WARN_STRICT_PROTOTYPES = YES;
				CLANG_WARN_SUSPICIOUS_MOVE = YES;
				CLANG_WARN_UNGUARDED_AVAILABILITY = YES_AGGRESSIVE;
				CLANG_WARN_UNREACHABLE_CODE = YES;
				CLANG_WARN__DUPLICATE_METHOD_MATCH = YES;
				CODE_SIGN_IDENTITY = "iPhone Developer";
				COPY_PHASE_STRIP = NO;
				DEBUG_INFORMATION_FORMAT = "dwarf-with-dsym";
				ENABLE_NS_ASSERTIONS = NO;
				ENABLE_STRICT_OBJC_MSGSEND = YES;
				GCC_C_LANGUAGE_STANDARD = gnu11;
				GCC_NO_COMMON_BLOCKS = YES;
				GCC_WARN_64_TO_32_BIT_CONVERSION = YES;
				GCC_WARN_ABOUT_RETURN_TYPE = YES_ERROR;
				GCC_WARN_UNDECLARED_SELECTOR = YES;
				GCC_WARN_UNINITIALIZED_AUTOS = YES_AGGRESSIVE;
				GCC_WARN_UNUSED_FUNCTION = YES;
				GCC_WARN_UNUSED_VARIABLE = YES;
				IPHONEOS_DEPLOYMENT_TARGET = 11.3;
				MTL_ENABLE_DEBUG_INFO = NO;
				SDKROOT = iphoneos;
				SWIFT_COMPILATION_MODE = wholemodule;
				SWIFT_OPTIMIZATION_LEVEL = "-O";
				VALIDATE_PRODUCT = YES;
			};
			name = Release;
		};
		4C39EB7820888C48003BF7BB /* Debug */ = {
			isa = XCBuildConfiguration;
			buildSettings = {
				ASSETCATALOG_COMPILER_APPICON_NAME = AppIcon;
				CODE_SIGN_STYLE = Automatic;
				DEVELOPMENT_TEAM = 8N5B5LZYQW;
				INFOPLIST_FILE = MemeMe/Info.plist;
				LD_RUNPATH_SEARCH_PATHS = (
					"$(inherited)",
					"@executable_path/Frameworks",
				);
				PRODUCT_BUNDLE_IDENTIFIER = Udacity.MemeMeApp;
				PRODUCT_NAME = "$(TARGET_NAME)";
				SWIFT_VERSION = 4.0;
				TARGETED_DEVICE_FAMILY = "1,2";
			};
			name = Debug;
		};
		4C39EB7920888C48003BF7BB /* Release */ = {
			isa = XCBuildConfiguration;
			buildSettings = {
				ASSETCATALOG_COMPILER_APPICON_NAME = AppIcon;
				CODE_SIGN_STYLE = Automatic;
				DEVELOPMENT_TEAM = 8N5B5LZYQW;
				INFOPLIST_FILE = MemeMe/Info.plist;
				LD_RUNPATH_SEARCH_PATHS = (
					"$(inherited)",
					"@executable_path/Frameworks",
				);
				PRODUCT_BUNDLE_IDENTIFIER = Udacity.MemeMeApp;
				PRODUCT_NAME = "$(TARGET_NAME)";
				SWIFT_VERSION = 4.0;
				TARGETED_DEVICE_FAMILY = "1,2";
			};
			name = Release;
		};
		4C39EB7B20888C48003BF7BB /* Debug */ = {
			isa = XCBuildConfiguration;
			buildSettings = {
				ALWAYS_EMBED_SWIFT_STANDARD_LIBRARIES = YES;
				BUNDLE_LOADER = "$(TEST_HOST)";
				CODE_SIGN_STYLE = Automatic;
				INFOPLIST_FILE = MemeMeTests/Info.plist;
				LD_RUNPATH_SEARCH_PATHS = (
					"$(inherited)",
					"@executable_path/Frameworks",
					"@loader_path/Frameworks",
				);
				PRODUCT_BUNDLE_IDENTIFIER = Udacity.MemeMeTests;
				PRODUCT_NAME = "$(TARGET_NAME)";
				SWIFT_VERSION = 4.0;
				TARGETED_DEVICE_FAMILY = "1,2";
				TEST_HOST = "$(BUILT_PRODUCTS_DIR)/MemeMe.app/MemeMe";
			};
			name = Debug;
		};
		4C39EB7C20888C48003BF7BB /* Release */ = {
			isa = XCBuildConfiguration;
			buildSettings = {
				ALWAYS_EMBED_SWIFT_STANDARD_LIBRARIES = YES;
				BUNDLE_LOADER = "$(TEST_HOST)";
				CODE_SIGN_STYLE = Automatic;
				INFOPLIST_FILE = MemeMeTests/Info.plist;
				LD_RUNPATH_SEARCH_PATHS = (
					"$(inherited)",
					"@executable_path/Frameworks",
					"@loader_path/Frameworks",
				);
				PRODUCT_BUNDLE_IDENTIFIER = Udacity.MemeMeTests;
				PRODUCT_NAME = "$(TARGET_NAME)";
				SWIFT_VERSION = 4.0;
				TARGETED_DEVICE_FAMILY = "1,2";
				TEST_HOST = "$(BUILT_PRODUCTS_DIR)/MemeMe.app/MemeMe";
			};
			name = Release;
		};
/* End XCBuildConfiguration section */

/* Begin XCConfigurationList section */
		4C39EB5520888C45003BF7BB /* Build configuration list for PBXProject "MemeMe" */ = {
			isa = XCConfigurationList;
			buildConfigurations = (
				4C39EB7520888C48003BF7BB /* Debug */,
				4C39EB7620888C48003BF7BB /* Release */,
			);
			defaultConfigurationIsVisible = 0;
			defaultConfigurationName = Release;
		};
		4C39EB7720888C48003BF7BB /* Build configuration list for PBXNativeTarget "MemeMe" */ = {
			isa = XCConfigurationList;
			buildConfigurations = (
				4C39EB7820888C48003BF7BB /* Debug */,
				4C39EB7920888C48003BF7BB /* Release */,
			);
			defaultConfigurationIsVisible = 0;
			defaultConfigurationName = Release;
		};
		4C39EB7A20888C48003BF7BB /* Build configuration list for PBXNativeTarget "MemeMeTests" */ = {
			isa = XCConfigurationList;
			buildConfigurations = (
				4C39EB7B20888C48003BF7BB /* Debug */,
				4C39EB7C20888C48003BF7BB /* Release */,
			);
			defaultConfigurationIsVisible = 0;
			defaultConfigurationName = Release;
		};
/* End XCConfigurationList section */
	};
	rootObject = 4C39EB5220888C45003BF7BB /* Project object */;
}
